
Microsoft Visual Studio Solution File, Format Version 12.00
# Visual Studio Version 17
VisualStudioVersion = 17.5.2.0
MinimumVisualStudioVersion = 10.0.40219.1
Project("{FAE04EC0-301F-11D3-BF4B-00C04F79EFBC}") = "BambooCardTask.Api", "BambooCardTask.API\BambooCardTask.Api.csproj", "{B1A2C3D4-E5F6-7890-1234-56789ABCDEF0}"
EndProject
Project("{FAE04EC0-301F-11D3-BF4B-00C04F79EFBC}") = "BambooCardTask.Test", "BambooCardTask.Test\BambooCardTask.Test.csproj", "{C2D3E4F5-6789-0123-4567-89ABCDEF0123}"
EndProject
Project("{FAE04EC0-301F-11D3-BF4B-00C04F79EFBC}") = "BambooCardTask.JwtGenerator", "BambooCardTask.JwtGenerator\BambooCardTask.JwtGenerator.csproj", "{223CA291-785E-4B33-8855-822930F4C9F9}"
EndProject
Project("{FAE04EC0-301F-11D3-BF4B-00C04F79EFBC}") = "BambooCardTask.Infrastrcture.Builds", "BambooCardTask.Infrastrcture.Builds\BambooCardTask.Infrastrcture.Builds.csproj", "{1B00F628-B00C-4453-BDFA-1C923C5AF3B5}"
EndProject
Global
	GlobalSection(SolutionConfigurationPlatforms) = preSolution
		Debug|Any CPU = Debug|Any CPU
		Debug|x64 = Debug|x64
		Debug|x86 = Debug|x86
		Release|Any CPU = Release|Any CPU
		Release|x64 = Release|x64
		Release|x86 = Release|x86
	EndGlobalSection
	GlobalSection(ProjectConfigurationPlatforms) = postSolution
		{B1A2C3D4-E5F6-7890-1234-56789ABCDEF0}.Debug|Any CPU.ActiveCfg = Debug|Any CPU
		{B1A2C3D4-E5F6-7890-1234-56789ABCDEF0}.Debug|Any CPU.Build.0 = Debug|Any CPU
		{B1A2C3D4-E5F6-7890-1234-56789ABCDEF0}.Debug|x64.ActiveCfg = Debug|Any CPU
		{B1A2C3D4-E5F6-7890-1234-56789ABCDEF0}.Debug|x64.Build.0 = Debug|Any CPU
		{B1A2C3D4-E5F6-7890-1234-56789ABCDEF0}.Debug|x86.ActiveCfg = Debug|Any CPU
		{B1A2C3D4-E5F6-7890-1234-56789ABCDEF0}.Debug|x86.Build.0 = Debug|Any CPU
		{B1A2C3D4-E5F6-7890-1234-56789ABCDEF0}.Release|Any CPU.ActiveCfg = Release|Any CPU
		{B1A2C3D4-E5F6-7890-1234-56789ABCDEF0}.Release|Any CPU.Build.0 = Release|Any CPU
		{B1A2C3D4-E5F6-7890-1234-56789ABCDEF0}.Release|x64.ActiveCfg = Release|Any CPU
		{B1A2C3D4-E5F6-7890-1234-56789ABCDEF0}.Release|x64.Build.0 = Release|Any CPU
		{B1A2C3D4-E5F6-7890-1234-56789ABCDEF0}.Release|x86.ActiveCfg = Release|Any CPU
		{B1A2C3D4-E5F6-7890-1234-56789ABCDEF0}.Release|x86.Build.0 = Release|Any CPU
		{C2D3E4F5-6789-0123-4567-89ABCDEF0123}.Debug|Any CPU.ActiveCfg = Debug|Any CPU
		{C2D3E4F5-6789-0123-4567-89ABCDEF0123}.Debug|Any CPU.Build.0 = Debug|Any CPU
		{C2D3E4F5-6789-0123-4567-89ABCDEF0123}.Debug|x64.ActiveCfg = Debug|Any CPU
		{C2D3E4F5-6789-0123-4567-89ABCDEF0123}.Debug|x64.Build.0 = Debug|Any CPU
		{C2D3E4F5-6789-0123-4567-89ABCDEF0123}.Debug|x86.ActiveCfg = Debug|Any CPU
		{C2D3E4F5-6789-0123-4567-89ABCDEF0123}.Debug|x86.Build.0 = Debug|Any CPU
		{C2D3E4F5-6789-0123-4567-89ABCDEF0123}.Release|Any CPU.ActiveCfg = Release|Any CPU
		{C2D3E4F5-6789-0123-4567-89ABCDEF0123}.Release|Any CPU.Build.0 = Release|Any CPU
		{C2D3E4F5-6789-0123-4567-89ABCDEF0123}.Release|x64.ActiveCfg = Release|Any CPU
		{C2D3E4F5-6789-0123-4567-89ABCDEF0123}.Release|x64.Build.0 = Release|Any CPU
		{C2D3E4F5-6789-0123-4567-89ABCDEF0123}.Release|x86.ActiveCfg = Release|Any CPU
		{C2D3E4F5-6789-0123-4567-89ABCDEF0123}.Release|x86.Build.0 = Release|Any CPU
		{223CA291-785E-4B33-8855-822930F4C9F9}.Debug|Any CPU.ActiveCfg = Debug|Any CPU
		{223CA291-785E-4B33-8855-822930F4C9F9}.Debug|Any CPU.Build.0 = Debug|Any CPU
		{223CA291-785E-4B33-8855-822930F4C9F9}.Debug|x64.ActiveCfg = Debug|Any CPU
		{223CA291-785E-4B33-8855-822930F4C9F9}.Debug|x64.Build.0 = Debug|Any CPU
		{223CA291-785E-4B33-8855-822930F4C9F9}.Debug|x86.ActiveCfg = Debug|Any CPU
		{223CA291-785E-4B33-8855-822930F4C9F9}.Debug|x86.Build.0 = Debug|Any CPU
		{223CA291-785E-4B33-8855-822930F4C9F9}.Release|Any CPU.ActiveCfg = Release|Any CPU
		{223CA291-785E-4B33-8855-822930F4C9F9}.Release|Any CPU.Build.0 = Release|Any CPU
		{223CA291-785E-4B33-8855-822930F4C9F9}.Release|x64.ActiveCfg = Release|Any CPU
		{223CA291-785E-4B33-8855-822930F4C9F9}.Release|x64.Build.0 = Release|Any CPU
		{223CA291-785E-4B33-8855-822930F4C9F9}.Release|x86.ActiveCfg = Release|Any CPU
		{223CA291-785E-4B33-8855-822930F4C9F9}.Release|x86.Build.0 = Release|Any CPU
		{1B00F628-B00C-4453-BDFA-1C923C5AF3B5}.Debug|Any CPU.ActiveCfg = Debug|Any CPU
		{1B00F628-B00C-4453-BDFA-1C923C5AF3B5}.Debug|Any CPU.Build.0 = Debug|Any CPU
		{1B00F628-B00C-4453-BDFA-1C923C5AF3B5}.Debug|x64.ActiveCfg = Debug|Any CPU
		{1B00F628-B00C-4453-BDFA-1C923C5AF3B5}.Debug|x64.Build.0 = Debug|Any CPU
		{1B00F628-B00C-4453-BDFA-1C923C5AF3B5}.Debug|x86.ActiveCfg = Debug|Any CPU
		{1B00F628-B00C-4453-BDFA-1C923C5AF3B5}.Debug|x86.Build.0 = Debug|Any CPU
		{1B00F628-B00C-4453-BDFA-1C923C5AF3B5}.Release|Any CPU.ActiveCfg = Release|Any CPU
		{1B00F628-B00C-4453-BDFA-1C923C5AF3B5}.Release|Any CPU.Build.0 = Release|Any CPU
		{1B00F628-B00C-4453-BDFA-1C923C5AF3B5}.Release|x64.ActiveCfg = Release|Any CPU
		{1B00F628-B00C-4453-BDFA-1C923C5AF3B5}.Release|x64.Build.0 = Release|Any CPU
		{1B00F628-B00C-4453-BDFA-1C923C5AF3B5}.Release|x86.ActiveCfg = Release|Any CPU
		{1B00F628-B00C-4453-BDFA-1C923C5AF3B5}.Release|x86.Build.0 = Release|Any CPU
	EndGlobalSection
	GlobalSection(SolutionProperties) = preSolution
		HideSolutionNode = FALSE
	EndGlobalSection
	GlobalSection(ExtensibilityGlobals) = postSolution
		SolutionGuid = {1327AB4B-5B34-4E96-A1F7-D89BA6B35DCB}
	EndGlobalSection
EndGlobal
