[0m[1mmodule.eks.module.eks.module.kms.data.aws_caller_identity.current[0]: Reading...[0m[0m
[0m[1mmodule.eks.module.eks.module.eks_managed_node_group["default"].data.aws_iam_policy_document.assume_role_policy[0]: Reading...[0m[0m
[0m[1mmodule.eks.module.eks.module.eks_managed_node_group["default"].data.aws_caller_identity.current: Reading...[0m[0m
[0m[1mmodule.eks.module.eks.module.eks_managed_node_group["default"].data.aws_partition.current: Reading...[0m[0m
[0m[1mmodule.eks.module.eks.module.eks_managed_node_group["default"].data.aws_iam_policy_document.assume_role_policy[0]: Read complete after 0s [id=2560088296][0m
[0m[1mmodule.eks.module.eks.module.eks_managed_node_group["default"].data.aws_partition.current: Read complete after 0s [id=aws][0m
[0m[1mmodule.eks.module.eks.data.aws_partition.current: Reading...[0m[0m
[0m[1mmodule.eks.module.eks.module.kms.data.aws_partition.current[0]: Reading...[0m[0m
[0m[1mmodule.eks.module.eks.data.aws_iam_policy_document.assume_role_policy[0]: Reading...[0m[0m
[0m[1mmodule.eks.module.eks.data.aws_partition.current: Read complete after 0s [id=aws][0m
[0m[1mmodule.eks.module.eks.data.aws_caller_identity.current: Reading...[0m[0m
[0m[1mmodule.eks.module.eks.module.kms.data.aws_partition.current[0]: Read complete after 0s [id=aws][0m
[0m[1mmodule.iam.data.aws_iam_policy_document.ecs_assume_role_policy: Reading...[0m[0m
[0m[1mmodule.eks.module.eks.data.aws_iam_policy_document.assume_role_policy[0]: Read complete after 0s [id=2764486067][0m
[0m[1mmodule.iam.data.aws_iam_policy_document.ecs_assume_role_policy: Read complete after 0s [id=258469924][0m
[0m[1mmodule.eks.module.eks.module.kms.data.aws_caller_identity.current[0]: Read complete after 0s [id=921930869014][0m
[0m[1mmodule.eks.module.eks.module.eks_managed_node_group["default"].data.aws_caller_identity.current: Read complete after 0s [id=921930869014][0m
[0m[1mmodule.eks.module.eks.data.aws_caller_identity.current: Read complete after 1s [id=921930869014][0m
[0m[1mmodule.eks.module.eks.data.aws_iam_session_context.current: Reading...[0m[0m
[0m[1mmodule.eks.module.eks.data.aws_iam_session_context.current: Read complete after 0s [id=arn:aws:iam::921930869014:root][0m

Terraform used the selected providers to generate the following execution
plan. Resource actions are indicated with the following symbols:
  [32m+[0m create[0m
 [36m<=[0m read (data resources)[0m

Terraform will perform the following actions:

[1m  # aws_secretsmanager_secret.ecr_arn[0m will be created
[0m  [32m+[0m[0m resource "aws_secretsmanager_secret" "ecr_arn" {
      [32m+[0m[0m arn                            = (known after apply)
      [32m+[0m[0m description                    = "ECR repository ARN for dev environment."
      [32m+[0m[0m force_overwrite_replica_secret = false
      [32m+[0m[0m id                             = (known after apply)
      [32m+[0m[0m name                           = "ecr-repo-arn-dev"
      [32m+[0m[0m name_prefix                    = (known after apply)
      [32m+[0m[0m policy                         = (known after apply)
      [32m+[0m[0m recovery_window_in_days        = 30
      [32m+[0m[0m tags_all                       = (known after apply)

      [32m+[0m[0m replica (known after apply)
    }

[1m  # aws_secretsmanager_secret.eks_arn[0m will be created
[0m  [32m+[0m[0m resource "aws_secretsmanager_secret" "eks_arn" {
      [32m+[0m[0m arn                            = (known after apply)
      [32m+[0m[0m description                    = "EKS cluster ARN for dev environment."
      [32m+[0m[0m force_overwrite_replica_secret = false
      [32m+[0m[0m id                             = (known after apply)
      [32m+[0m[0m name                           = "eks-cluster-arn-dev"
      [32m+[0m[0m name_prefix                    = (known after apply)
      [32m+[0m[0m policy                         = (known after apply)
      [32m+[0m[0m recovery_window_in_days        = 30
      [32m+[0m[0m tags_all                       = (known after apply)

      [32m+[0m[0m replica (known after apply)
    }

[1m  # aws_secretsmanager_secret.iam_role_arn[0m will be created
[0m  [32m+[0m[0m resource "aws_secretsmanager_secret" "iam_role_arn" {
      [32m+[0m[0m arn                            = (known after apply)
      [32m+[0m[0m description                    = "IAM role ARN for dev environment."
      [32m+[0m[0m force_overwrite_replica_secret = false
      [32m+[0m[0m id                             = (known after apply)
      [32m+[0m[0m name                           = "iam-role-arn-dev"
      [32m+[0m[0m name_prefix                    = (known after apply)
      [32m+[0m[0m policy                         = (known after apply)
      [32m+[0m[0m recovery_window_in_days        = 30
      [32m+[0m[0m tags_all                       = (known after apply)

      [32m+[0m[0m replica (known after apply)
    }

[1m  # aws_secretsmanager_secret_version.ecr_arn[0m will be created
[0m  [32m+[0m[0m resource "aws_secretsmanager_secret_version" "ecr_arn" {
      [32m+[0m[0m arn                  = (known after apply)
      [32m+[0m[0m has_secret_string_wo = (known after apply)
      [32m+[0m[0m id                   = (known after apply)
      [32m+[0m[0m secret_id            = (known after apply)
      [32m+[0m[0m secret_string        = (sensitive value)
      [32m+[0m[0m secret_string_wo     = (write-only attribute)
      [32m+[0m[0m version_id           = (known after apply)
      [32m+[0m[0m version_stages       = (known after apply)
    }

[1m  # aws_secretsmanager_secret_version.eks_arn[0m will be created
[0m  [32m+[0m[0m resource "aws_secretsmanager_secret_version" "eks_arn" {
      [32m+[0m[0m arn                  = (known after apply)
      [32m+[0m[0m has_secret_string_wo = (known after apply)
      [32m+[0m[0m id                   = (known after apply)
      [32m+[0m[0m secret_id            = (known after apply)
      [32m+[0m[0m secret_string        = (sensitive value)
      [32m+[0m[0m secret_string_wo     = (write-only attribute)
      [32m+[0m[0m version_id           = (known after apply)
      [32m+[0m[0m version_stages       = (known after apply)
    }

[1m  # aws_secretsmanager_secret_version.iam_role_arn[0m will be created
[0m  [32m+[0m[0m resource "aws_secretsmanager_secret_version" "iam_role_arn" {
      [32m+[0m[0m arn                  = (known after apply)
      [32m+[0m[0m has_secret_string_wo = (known after apply)
      [32m+[0m[0m id                   = (known after apply)
      [32m+[0m[0m secret_id            = (known after apply)
      [32m+[0m[0m secret_string        = (sensitive value)
      [32m+[0m[0m secret_string_wo     = (write-only attribute)
      [32m+[0m[0m version_id           = (known after apply)
      [32m+[0m[0m version_stages       = (known after apply)
    }

[1m  # module.apigateway.aws_apigatewayv2_api.http_api[0m will be created
[0m  [32m+[0m[0m resource "aws_apigatewayv2_api" "http_api" {
      [32m+[0m[0m api_endpoint                 = (known after apply)
      [32m+[0m[0m api_key_selection_expression = "$request.header.x-api-key"
      [32m+[0m[0m arn                          = (known after apply)
      [32m+[0m[0m execution_arn                = (known after apply)
      [32m+[0m[0m id                           = (known after apply)
      [32m+[0m[0m ip_address_type              = (known after apply)
      [32m+[0m[0m name                         = "bamboocard-api-gw-dev"
      [32m+[0m[0m protocol_type                = "HTTP"
      [32m+[0m[0m route_selection_expression   = "$request.method $request.path"
      [32m+[0m[0m tags_all                     = (known after apply)
    }

[1m  # module.apigateway.aws_apigatewayv2_integration.http_backend[0m will be created
[0m  [32m+[0m[0m resource "aws_apigatewayv2_integration" "http_backend" {
      [32m+[0m[0m api_id                                    = (known after apply)
      [32m+[0m[0m connection_type                           = "INTERNET"
      [32m+[0m[0m id                                        = (known after apply)
      [32m+[0m[0m integration_method                        = "ANY"
      [32m+[0m[0m integration_response_selection_expression = (known after apply)
      [32m+[0m[0m integration_type                          = "HTTP_PROXY"
      [32m+[0m[0m integration_uri                           = "http://<eks-service-endpoint>"
      [32m+[0m[0m payload_format_version                    = "1.0"
      [32m+[0m[0m timeout_milliseconds                      = (known after apply)
    }

[1m  # module.apigateway.aws_apigatewayv2_route.proxy[0m will be created
[0m  [32m+[0m[0m resource "aws_apigatewayv2_route" "proxy" {
      [32m+[0m[0m api_id             = (known after apply)
      [32m+[0m[0m api_key_required   = false
      [32m+[0m[0m authorization_type = "NONE"
      [32m+[0m[0m id                 = (known after apply)
      [32m+[0m[0m route_key          = "ANY /{proxy+}"
      [32m+[0m[0m target             = (known after apply)
    }

[1m  # module.apigateway.aws_apigatewayv2_stage.default[0m will be created
[0m  [32m+[0m[0m resource "aws_apigatewayv2_stage" "default" {
      [32m+[0m[0m api_id        = (known after apply)
      [32m+[0m[0m arn           = (known after apply)
      [32m+[0m[0m auto_deploy   = true
      [32m+[0m[0m deployment_id = (known after apply)
      [32m+[0m[0m execution_arn = (known after apply)
      [32m+[0m[0m id            = (known after apply)
      [32m+[0m[0m invoke_url    = (known after apply)
      [32m+[0m[0m name          = "$default"
      [32m+[0m[0m tags_all      = (known after apply)
    }

[1m  # module.cloudwatch.aws_cloudwatch_log_group.eks_logs[0m will be created
[0m  [32m+[0m[0m resource "aws_cloudwatch_log_group" "eks_logs" {
      [32m+[0m[0m arn               = (known after apply)
      [32m+[0m[0m id                = (known after apply)
      [32m+[0m[0m log_group_class   = (known after apply)
      [32m+[0m[0m name              = "/aws/eks/bamboocard-api-dev"
      [32m+[0m[0m name_prefix       = (known after apply)
      [32m+[0m[0m retention_in_days = 30
      [32m+[0m[0m skip_destroy      = false
      [32m+[0m[0m tags_all          = (known after apply)
    }

[1m  # module.ecr.aws_ecr_lifecycle_policy.this[0m will be created
[0m  [32m+[0m[0m resource "aws_ecr_lifecycle_policy" "this" {
      [32m+[0m[0m id          = (known after apply)
      [32m+[0m[0m policy      = jsonencode(
            {
              [32m+[0m[0m rules = [
                  [32m+[0m[0m {
                      [32m+[0m[0m action       = {
                          [32m+[0m[0m type = "expire"
                        }
                      [32m+[0m[0m description  = "Expire untagged images older than 14 days"
                      [32m+[0m[0m rulePriority = 1
                      [32m+[0m[0m selection    = {
                          [32m+[0m[0m countNumber = 14
                          [32m+[0m[0m countType   = "sinceImagePushed"
                          [32m+[0m[0m countUnit   = "days"
                          [32m+[0m[0m tagStatus   = "untagged"
                        }
                    },
                ]
            }
        )
      [32m+[0m[0m registry_id = (known after apply)
      [32m+[0m[0m repository  = "bamboocard-api-dev"
    }

[1m  # module.ecr.aws_ecr_repository.this[0m will be created
[0m  [32m+[0m[0m resource "aws_ecr_repository" "this" {
      [32m+[0m[0m arn                  = (known after apply)
      [32m+[0m[0m force_delete         = false
      [32m+[0m[0m id                   = (known after apply)
      [32m+[0m[0m image_tag_mutability = "IMMUTABLE"
      [32m+[0m[0m name                 = "bamboocard-api-dev"
      [32m+[0m[0m registry_id          = (known after apply)
      [32m+[0m[0m repository_url       = (known after apply)
      [32m+[0m[0m tags_all             = (known after apply)

      [32m+[0m[0m encryption_configuration {
          [32m+[0m[0m encryption_type = "AES256"
          [32m+[0m[0m kms_key         = (known after apply)
        }

      [32m+[0m[0m image_scanning_configuration {
          [32m+[0m[0m scan_on_push = true
        }
    }

[1m  # module.iam.aws_iam_role.eks_node_group[0m will be created
[0m  [32m+[0m[0m resource "aws_iam_role" "eks_node_group" {
      [32m+[0m[0m arn                   = (known after apply)
      [32m+[0m[0m assume_role_policy    = jsonencode(
            {
              [32m+[0m[0m Statement = [
                  [32m+[0m[0m {
                      [32m+[0m[0m Action    = "sts:AssumeRole"
                      [32m+[0m[0m Effect    = "Allow"
                      [32m+[0m[0m Principal = {
                          [32m+[0m[0m Service = "ecs.amazonaws.com"
                        }
                    },
                ]
              [32m+[0m[0m Version   = "2012-10-17"
            }
        )
      [32m+[0m[0m create_date           = (known after apply)
      [32m+[0m[0m force_detach_policies = false
      [32m+[0m[0m id                    = (known after apply)
      [32m+[0m[0m managed_policy_arns   = (known after apply)
      [32m+[0m[0m max_session_duration  = 3600
      [32m+[0m[0m name                  = "bamboocard-eks-node-group-dev"
      [32m+[0m[0m name_prefix           = (known after apply)
      [32m+[0m[0m path                  = "/"
      [32m+[0m[0m tags_all              = (known after apply)
      [32m+[0m[0m unique_id             = (known after apply)

      [32m+[0m[0m inline_policy (known after apply)
    }

[1m  # module.iam.aws_iam_role_policy_attachment.ecs_service[0m will be created
[0m  [32m+[0m[0m resource "aws_iam_role_policy_attachment" "ecs_service" {
      [32m+[0m[0m id         = (known after apply)
      [32m+[0m[0m policy_arn = "arn:aws:iam::aws:policy/AmazonECS_FullAccess"
      [32m+[0m[0m role       = "bamboocard-eks-node-group-dev"
    }

[1m  # module.iam.aws_iam_role_policy_attachment.ecs_task_execution[0m will be created
[0m  [32m+[0m[0m resource "aws_iam_role_policy_attachment" "ecs_task_execution" {
      [32m+[0m[0m id         = (known after apply)
      [32m+[0m[0m policy_arn = "arn:aws:iam::aws:policy/service-role/AmazonECSTaskExecutionRolePolicy"
      [32m+[0m[0m role       = "bamboocard-eks-node-group-dev"
    }

[1m  # module.iam.aws_iam_role_policy_attachment.ecs_task_logs[0m will be created
[0m  [32m+[0m[0m resource "aws_iam_role_policy_attachment" "ecs_task_logs" {
      [32m+[0m[0m id         = (known after apply)
      [32m+[0m[0m policy_arn = "arn:aws:iam::aws:policy/CloudWatchLogsFullAccess"
      [32m+[0m[0m role       = "bamboocard-eks-node-group-dev"
    }

[1m  # module.iam.aws_iam_role_policy_attachment.ecs_task_secrets[0m will be created
[0m  [32m+[0m[0m resource "aws_iam_role_policy_attachment" "ecs_task_secrets" {
      [32m+[0m[0m id         = (known after apply)
      [32m+[0m[0m policy_arn = "arn:aws:iam::aws:policy/SecretsManagerReadWrite"
      [32m+[0m[0m role       = "bamboocard-eks-node-group-dev"
    }

[1m  # module.eks.module.eks.data.tls_certificate.this[0][0m will be read during apply
  # (config refers to values not yet known)
[0m [36m<=[0m[0m data "tls_certificate" "this" {
      [32m+[0m[0m certificates = (known after apply)
      [32m+[0m[0m id           = (known after apply)
      [32m+[0m[0m url          = (known after apply)
    }

[1m  # module.eks.module.eks.aws_cloudwatch_log_group.this[0][0m will be created
[0m  [32m+[0m[0m resource "aws_cloudwatch_log_group" "this" {
      [32m+[0m[0m arn               = (known after apply)
      [32m+[0m[0m id                = (known after apply)
      [32m+[0m[0m log_group_class   = (known after apply)
      [32m+[0m[0m name              = "/aws/eks/bamboocard-eks-dev/cluster"
      [32m+[0m[0m name_prefix       = (known after apply)
      [32m+[0m[0m retention_in_days = 90
      [32m+[0m[0m skip_destroy      = false
      [32m+[0m[0m tags              = {
          [32m+[0m[0m "Environment" = "dev"
          [32m+[0m[0m "Name"        = "/aws/eks/bamboocard-eks-dev/cluster"
        }
      [32m+[0m[0m tags_all          = {
          [32m+[0m[0m "Environment" = "dev"
          [32m+[0m[0m "Name"        = "/aws/eks/bamboocard-eks-dev/cluster"
        }
    }

[1m  # module.eks.module.eks.aws_ec2_tag.cluster_primary_security_group["Environment"][0m will be created
[0m  [32m+[0m[0m resource "aws_ec2_tag" "cluster_primary_security_group" {
      [32m+[0m[0m id          = (known after apply)
      [32m+[0m[0m key         = "Environment"
      [32m+[0m[0m resource_id = (known after apply)
      [32m+[0m[0m value       = "dev"
    }

[1m  # module.eks.module.eks.aws_eks_cluster.this[0][0m will be created
[0m  [32m+[0m[0m resource "aws_eks_cluster" "this" {
      [32m+[0m[0m arn                           = (known after apply)
      [32m+[0m[0m bootstrap_self_managed_addons = true
      [32m+[0m[0m certificate_authority         = (known after apply)
      [32m+[0m[0m cluster_id                    = (known after apply)
      [32m+[0m[0m created_at                    = (known after apply)
      [32m+[0m[0m enabled_cluster_log_types     = [
          [32m+[0m[0m "api",
          [32m+[0m[0m "audit",
          [32m+[0m[0m "authenticator",
        ]
      [32m+[0m[0m endpoint                      = (known after apply)
      [32m+[0m[0m id                            = (known after apply)
      [32m+[0m[0m identity                      = (known after apply)
      [32m+[0m[0m name                          = "bamboocard-eks-dev"
      [32m+[0m[0m platform_version              = (known after apply)
      [32m+[0m[0m role_arn                      = (known after apply)
      [32m+[0m[0m status                        = (known after apply)
      [32m+[0m[0m tags                          = {
          [32m+[0m[0m "Environment"           = "dev"
          [32m+[0m[0m "terraform-aws-modules" = "eks"
        }
      [32m+[0m[0m tags_all                      = {
          [32m+[0m[0m "Environment"           = "dev"
          [32m+[0m[0m "terraform-aws-modules" = "eks"
        }
      [32m+[0m[0m version                       = "1.29"

      [32m+[0m[0m access_config {
          [32m+[0m[0m authentication_mode                         = "API_AND_CONFIG_MAP"
          [32m+[0m[0m bootstrap_cluster_creator_admin_permissions = false
        }

      [32m+[0m[0m encryption_config {
          [32m+[0m[0m resources = [
              [32m+[0m[0m "secrets",
            ]

          [32m+[0m[0m provider {
              [32m+[0m[0m key_arn = (known after apply)
            }
        }

      [32m+[0m[0m kubernetes_network_config {
          [32m+[0m[0m ip_family         = "ipv4"
          [32m+[0m[0m service_ipv4_cidr = (known after apply)
          [32m+[0m[0m service_ipv6_cidr = (known after apply)

          [32m+[0m[0m elastic_load_balancing (known after apply)
        }

      [32m+[0m[0m timeouts {}

      [32m+[0m[0m upgrade_policy (known after apply)

      [32m+[0m[0m vpc_config {
          [32m+[0m[0m cluster_security_group_id = (known after apply)
          [32m+[0m[0m endpoint_private_access   = true
          [32m+[0m[0m endpoint_public_access    = false
          [32m+[0m[0m public_access_cidrs       = [
              [32m+[0m[0m "0.0.0.0/0",
            ]
          [32m+[0m[0m security_group_ids        = (known after apply)
          [32m+[0m[0m subnet_ids                = (known after apply)
          [32m+[0m[0m vpc_id                    = (known after apply)
        }
    }

[1m  # module.eks.module.eks.aws_iam_openid_connect_provider.oidc_provider[0][0m will be created
[0m  [32m+[0m[0m resource "aws_iam_openid_connect_provider" "oidc_provider" {
      [32m+[0m[0m arn             = (known after apply)
      [32m+[0m[0m client_id_list  = [
          [32m+[0m[0m "sts.amazonaws.com",
        ]
      [32m+[0m[0m id              = (known after apply)
      [32m+[0m[0m tags            = {
          [32m+[0m[0m "Environment" = "dev"
          [32m+[0m[0m "Name"        = "bamboocard-eks-dev-eks-irsa"
        }
      [32m+[0m[0m tags_all        = {
          [32m+[0m[0m "Environment" = "dev"
          [32m+[0m[0m "Name"        = "bamboocard-eks-dev-eks-irsa"
        }
      [32m+[0m[0m thumbprint_list = (known after apply)
      [32m+[0m[0m url             = (known after apply)
    }

[1m  # module.eks.module.eks.aws_iam_policy.cluster_encryption[0][0m will be created
[0m  [32m+[0m[0m resource "aws_iam_policy" "cluster_encryption" {
      [32m+[0m[0m arn              = (known after apply)
      [32m+[0m[0m attachment_count = (known after apply)
      [32m+[0m[0m description      = "Cluster encryption policy to allow cluster role to utilize CMK provided"
      [32m+[0m[0m id               = (known after apply)
      [32m+[0m[0m name             = (known after apply)
      [32m+[0m[0m name_prefix      = "bamboocard-eks-dev-cluster-ClusterEncryption"
      [32m+[0m[0m path             = "/"
      [32m+[0m[0m policy           = (known after apply)
      [32m+[0m[0m policy_id        = (known after apply)
      [32m+[0m[0m tags             = {
          [32m+[0m[0m "Environment" = "dev"
        }
      [32m+[0m[0m tags_all         = {
          [32m+[0m[0m "Environment" = "dev"
        }
    }

[1m  # module.eks.module.eks.aws_iam_role.this[0][0m will be created
[0m  [32m+[0m[0m resource "aws_iam_role" "this" {
      [32m+[0m[0m arn                   = (known after apply)
      [32m+[0m[0m assume_role_policy    = jsonencode(
            {
              [32m+[0m[0m Statement = [
                  [32m+[0m[0m {
                      [32m+[0m[0m Action    = "sts:AssumeRole"
                      [32m+[0m[0m Effect    = "Allow"
                      [32m+[0m[0m Principal = {
                          [32m+[0m[0m Service = "eks.amazonaws.com"
                        }
                      [32m+[0m[0m Sid       = "EKSClusterAssumeRole"
                    },
                ]
              [32m+[0m[0m Version   = "2012-10-17"
            }
        )
      [32m+[0m[0m create_date           = (known after apply)
      [32m+[0m[0m force_detach_policies = true
      [32m+[0m[0m id                    = (known after apply)
      [32m+[0m[0m managed_policy_arns   = (known after apply)
      [32m+[0m[0m max_session_duration  = 3600
      [32m+[0m[0m name                  = (known after apply)
      [32m+[0m[0m name_prefix           = "bamboocard-eks-dev-cluster-"
      [32m+[0m[0m path                  = "/"
      [32m+[0m[0m tags                  = {
          [32m+[0m[0m "Environment" = "dev"
        }
      [32m+[0m[0m tags_all              = {
          [32m+[0m[0m "Environment" = "dev"
        }
      [32m+[0m[0m unique_id             = (known after apply)

      [32m+[0m[0m inline_policy {
          [32m+[0m[0m name   = "bamboocard-eks-dev-cluster"
          [32m+[0m[0m policy = jsonencode(
                {
                  [32m+[0m[0m Statement = [
                      [32m+[0m[0m {
                          [32m+[0m[0m Action   = [
                              [32m+[0m[0m "logs:CreateLogGroup",
                            ]
                          [32m+[0m[0m Effect   = "Deny"
                          [32m+[0m[0m Resource = "*"
                        },
                    ]
                  [32m+[0m[0m Version   = "2012-10-17"
                }
            )
        }
    }

[1m  # module.eks.module.eks.aws_iam_role_policy_attachment.cluster_encryption[0][0m will be created
[0m  [32m+[0m[0m resource "aws_iam_role_policy_attachment" "cluster_encryption" {
      [32m+[0m[0m id         = (known after apply)
      [32m+[0m[0m policy_arn = (known after apply)
      [32m+[0m[0m role       = (known after apply)
    }

[1m  # module.eks.module.eks.aws_iam_role_policy_attachment.this["AmazonEKSClusterPolicy"][0m will be created
[0m  [32m+[0m[0m resource "aws_iam_role_policy_attachment" "this" {
      [32m+[0m[0m id         = (known after apply)
      [32m+[0m[0m policy_arn = "arn:aws:iam::aws:policy/AmazonEKSClusterPolicy"
      [32m+[0m[0m role       = (known after apply)
    }

[1m  # module.eks.module.eks.aws_iam_role_policy_attachment.this["AmazonEKSVPCResourceController"][0m will be created
[0m  [32m+[0m[0m resource "aws_iam_role_policy_attachment" "this" {
      [32m+[0m[0m id         = (known after apply)
      [32m+[0m[0m policy_arn = "arn:aws:iam::aws:policy/AmazonEKSVPCResourceController"
      [32m+[0m[0m role       = (known after apply)
    }

[1m  # module.eks.module.eks.aws_security_group.cluster[0][0m will be created
[0m  [32m+[0m[0m resource "aws_security_group" "cluster" {
      [32m+[0m[0m arn                    = (known after apply)
      [32m+[0m[0m description            = "EKS cluster security group"
      [32m+[0m[0m egress                 = (known after apply)
      [32m+[0m[0m id                     = (known after apply)
      [32m+[0m[0m ingress                = (known after apply)
      [32m+[0m[0m name                   = (known after apply)
      [32m+[0m[0m name_prefix            = "bamboocard-eks-dev-cluster-"
      [32m+[0m[0m owner_id               = (known after apply)
      [32m+[0m[0m revoke_rules_on_delete = false
      [32m+[0m[0m tags                   = {
          [32m+[0m[0m "Environment" = "dev"
          [32m+[0m[0m "Name"        = "bamboocard-eks-dev-cluster"
        }
      [32m+[0m[0m tags_all               = {
          [32m+[0m[0m "Environment" = "dev"
          [32m+[0m[0m "Name"        = "bamboocard-eks-dev-cluster"
        }
      [32m+[0m[0m vpc_id                 = (known after apply)
    }

[1m  # module.eks.module.eks.aws_security_group.node[0][0m will be created
[0m  [32m+[0m[0m resource "aws_security_group" "node" {
      [32m+[0m[0m arn                    = (known after apply)
      [32m+[0m[0m description            = "EKS node shared security group"
      [32m+[0m[0m egress                 = (known after apply)
      [32m+[0m[0m id                     = (known after apply)
      [32m+[0m[0m ingress                = (known after apply)
      [32m+[0m[0m name                   = (known after apply)
      [32m+[0m[0m name_prefix            = "bamboocard-eks-dev-node-"
      [32m+[0m[0m owner_id               = (known after apply)
      [32m+[0m[0m revoke_rules_on_delete = false
      [32m+[0m[0m tags                   = {
          [32m+[0m[0m "Environment"                              = "dev"
          [32m+[0m[0m "Name"                                     = "bamboocard-eks-dev-node"
          [32m+[0m[0m "kubernetes.io/cluster/bamboocard-eks-dev" = "owned"
        }
      [32m+[0m[0m tags_all               = {
          [32m+[0m[0m "Environment"                              = "dev"
          [32m+[0m[0m "Name"                                     = "bamboocard-eks-dev-node"
          [32m+[0m[0m "kubernetes.io/cluster/bamboocard-eks-dev" = "owned"
        }
      [32m+[0m[0m vpc_id                 = (known after apply)
    }

[1m  # module.eks.module.eks.aws_security_group_rule.cluster["ingress_nodes_443"][0m will be created
[0m  [32m+[0m[0m resource "aws_security_group_rule" "cluster" {
      [32m+[0m[0m description              = "Node groups to cluster API"
      [32m+[0m[0m from_port                = 443
      [32m+[0m[0m id                       = (known after apply)
      [32m+[0m[0m protocol                 = "tcp"
      [32m+[0m[0m security_group_id        = (known after apply)
      [32m+[0m[0m security_group_rule_id   = (known after apply)
      [32m+[0m[0m self                     = false
      [32m+[0m[0m source_security_group_id = (known after apply)
      [32m+[0m[0m to_port                  = 443
      [32m+[0m[0m type                     = "ingress"
    }

[1m  # module.eks.module.eks.aws_security_group_rule.node["egress_all"][0m will be created
[0m  [32m+[0m[0m resource "aws_security_group_rule" "node" {
      [32m+[0m[0m cidr_blocks              = [
          [32m+[0m[0m "0.0.0.0/0",
        ]
      [32m+[0m[0m description              = "Allow all egress"
      [32m+[0m[0m from_port                = 0
      [32m+[0m[0m id                       = (known after apply)
      [32m+[0m[0m prefix_list_ids          = []
      [32m+[0m[0m protocol                 = "-1"
      [32m+[0m[0m security_group_id        = (known after apply)
      [32m+[0m[0m security_group_rule_id   = (known after apply)
      [32m+[0m[0m self                     = false
      [32m+[0m[0m source_security_group_id = (known after apply)
      [32m+[0m[0m to_port                  = 0
      [32m+[0m[0m type                     = "egress"
    }

[1m  # module.eks.module.eks.aws_security_group_rule.node["ingress_cluster_443"][0m will be created
[0m  [32m+[0m[0m resource "aws_security_group_rule" "node" {
      [32m+[0m[0m description              = "Cluster API to node groups"
      [32m+[0m[0m from_port                = 443
      [32m+[0m[0m id                       = (known after apply)
      [32m+[0m[0m prefix_list_ids          = []
      [32m+[0m[0m protocol                 = "tcp"
      [32m+[0m[0m security_group_id        = (known after apply)
      [32m+[0m[0m security_group_rule_id   = (known after apply)
      [32m+[0m[0m self                     = false
      [32m+[0m[0m source_security_group_id = (known after apply)
      [32m+[0m[0m to_port                  = 443
      [32m+[0m[0m type                     = "ingress"
    }

[1m  # module.eks.module.eks.aws_security_group_rule.node["ingress_cluster_4443_webhook"][0m will be created
[0m  [32m+[0m[0m resource "aws_security_group_rule" "node" {
      [32m+[0m[0m description              = "Cluster API to node 4443/tcp webhook"
      [32m+[0m[0m from_port                = 4443
      [32m+[0m[0m id                       = (known after apply)
      [32m+[0m[0m prefix_list_ids          = []
      [32m+[0m[0m protocol                 = "tcp"
      [32m+[0m[0m security_group_id        = (known after apply)
      [32m+[0m[0m security_group_rule_id   = (known after apply)
      [32m+[0m[0m self                     = false
      [32m+[0m[0m source_security_group_id = (known after apply)
      [32m+[0m[0m to_port                  = 4443
      [32m+[0m[0m type                     = "ingress"
    }

[1m  # module.eks.module.eks.aws_security_group_rule.node["ingress_cluster_6443_webhook"][0m will be created
[0m  [32m+[0m[0m resource "aws_security_group_rule" "node" {
      [32m+[0m[0m description              = "Cluster API to node 6443/tcp webhook"
      [32m+[0m[0m from_port                = 6443
      [32m+[0m[0m id                       = (known after apply)
      [32m+[0m[0m prefix_list_ids          = []
      [32m+[0m[0m protocol                 = "tcp"
      [32m+[0m[0m security_group_id        = (known after apply)
      [32m+[0m[0m security_group_rule_id   = (known after apply)
      [32m+[0m[0m self                     = false
      [32m+[0m[0m source_security_group_id = (known after apply)
      [32m+[0m[0m to_port                  = 6443
      [32m+[0m[0m type                     = "ingress"
    }

[1m  # module.eks.module.eks.aws_security_group_rule.node["ingress_cluster_8443_webhook"][0m will be created
[0m  [32m+[0m[0m resource "aws_security_group_rule" "node" {
      [32m+[0m[0m description              = "Cluster API to node 8443/tcp webhook"
      [32m+[0m[0m from_port                = 8443
      [32m+[0m[0m id                       = (known after apply)
      [32m+[0m[0m prefix_list_ids          = []
      [32m+[0m[0m protocol                 = "tcp"
      [32m+[0m[0m security_group_id        = (known after apply)
      [32m+[0m[0m security_group_rule_id   = (known after apply)
      [32m+[0m[0m self                     = false
      [32m+[0m[0m source_security_group_id = (known after apply)
      [32m+[0m[0m to_port                  = 8443
      [32m+[0m[0m type                     = "ingress"
    }

[1m  # module.eks.module.eks.aws_security_group_rule.node["ingress_cluster_9443_webhook"][0m will be created
[0m  [32m+[0m[0m resource "aws_security_group_rule" "node" {
      [32m+[0m[0m description              = "Cluster API to node 9443/tcp webhook"
      [32m+[0m[0m from_port                = 9443
      [32m+[0m[0m id                       = (known after apply)
      [32m+[0m[0m prefix_list_ids          = []
      [32m+[0m[0m protocol                 = "tcp"
      [32m+[0m[0m security_group_id        = (known after apply)
      [32m+[0m[0m security_group_rule_id   = (known after apply)
      [32m+[0m[0m self                     = false
      [32m+[0m[0m source_security_group_id = (known after apply)
      [32m+[0m[0m to_port                  = 9443
      [32m+[0m[0m type                     = "ingress"
    }

[1m  # module.eks.module.eks.aws_security_group_rule.node["ingress_cluster_kubelet"][0m will be created
[0m  [32m+[0m[0m resource "aws_security_group_rule" "node" {
      [32m+[0m[0m description              = "Cluster API to node kubelets"
      [32m+[0m[0m from_port                = 10250
      [32m+[0m[0m id                       = (known after apply)
      [32m+[0m[0m prefix_list_ids          = []
      [32m+[0m[0m protocol                 = "tcp"
      [32m+[0m[0m security_group_id        = (known after apply)
      [32m+[0m[0m security_group_rule_id   = (known after apply)
      [32m+[0m[0m self                     = false
      [32m+[0m[0m source_security_group_id = (known after apply)
      [32m+[0m[0m to_port                  = 10250
      [32m+[0m[0m type                     = "ingress"
    }

[1m  # module.eks.module.eks.aws_security_group_rule.node["ingress_nodes_ephemeral"][0m will be created
[0m  [32m+[0m[0m resource "aws_security_group_rule" "node" {
      [32m+[0m[0m description              = "Node to node ingress on ephemeral ports"
      [32m+[0m[0m from_port                = 1025
      [32m+[0m[0m id                       = (known after apply)
      [32m+[0m[0m prefix_list_ids          = []
      [32m+[0m[0m protocol                 = "tcp"
      [32m+[0m[0m security_group_id        = (known after apply)
      [32m+[0m[0m security_group_rule_id   = (known after apply)
      [32m+[0m[0m self                     = true
      [32m+[0m[0m source_security_group_id = (known after apply)
      [32m+[0m[0m to_port                  = 65535
      [32m+[0m[0m type                     = "ingress"
    }

[1m  # module.eks.module.eks.aws_security_group_rule.node["ingress_self_coredns_tcp"][0m will be created
[0m  [32m+[0m[0m resource "aws_security_group_rule" "node" {
      [32m+[0m[0m description              = "Node to node CoreDNS"
      [32m+[0m[0m from_port                = 53
      [32m+[0m[0m id                       = (known after apply)
      [32m+[0m[0m prefix_list_ids          = []
      [32m+[0m[0m protocol                 = "tcp"
      [32m+[0m[0m security_group_id        = (known after apply)
      [32m+[0m[0m security_group_rule_id   = (known after apply)
      [32m+[0m[0m self                     = true
      [32m+[0m[0m source_security_group_id = (known after apply)
      [32m+[0m[0m to_port                  = 53
      [32m+[0m[0m type                     = "ingress"
    }

[1m  # module.eks.module.eks.aws_security_group_rule.node["ingress_self_coredns_udp"][0m will be created
[0m  [32m+[0m[0m resource "aws_security_group_rule" "node" {
      [32m+[0m[0m description              = "Node to node CoreDNS UDP"
      [32m+[0m[0m from_port                = 53
      [32m+[0m[0m id                       = (known after apply)
      [32m+[0m[0m prefix_list_ids          = []
      [32m+[0m[0m protocol                 = "udp"
      [32m+[0m[0m security_group_id        = (known after apply)
      [32m+[0m[0m security_group_rule_id   = (known after apply)
      [32m+[0m[0m self                     = true
      [32m+[0m[0m source_security_group_id = (known after apply)
      [32m+[0m[0m to_port                  = 53
      [32m+[0m[0m type                     = "ingress"
    }

[1m  # module.eks.module.eks.time_sleep.this[0][0m will be created
[0m  [32m+[0m[0m resource "time_sleep" "this" {
      [32m+[0m[0m create_duration = "30s"
      [32m+[0m[0m id              = (known after apply)
      [32m+[0m[0m triggers        = {
          [32m+[0m[0m "cluster_certificate_authority_data" = (known after apply)
          [32m+[0m[0m "cluster_endpoint"                   = (known after apply)
          [32m+[0m[0m "cluster_name"                       = "bamboocard-eks-dev"
          [32m+[0m[0m "cluster_service_cidr"               = (known after apply)
          [32m+[0m[0m "cluster_version"                    = "1.29"
        }
    }

[1m  # module.vpc.module.vpc.aws_default_network_acl.this[0][0m will be created
[0m  [32m+[0m[0m resource "aws_default_network_acl" "this" {
      [32m+[0m[0m arn                    = (known after apply)
      [32m+[0m[0m default_network_acl_id = (known after apply)
      [32m+[0m[0m id                     = (known after apply)
      [32m+[0m[0m owner_id               = (known after apply)
      [32m+[0m[0m tags                   = {
          [32m+[0m[0m "Environment" = "dev"
          [32m+[0m[0m "Name"        = "bamboocard-vpc-default"
        }
      [32m+[0m[0m tags_all               = {
          [32m+[0m[0m "Environment" = "dev"
          [32m+[0m[0m "Name"        = "bamboocard-vpc-default"
        }
      [32m+[0m[0m vpc_id                 = (known after apply)

      [32m+[0m[0m egress {
          [32m+[0m[0m action          = "allow"
          [32m+[0m[0m from_port       = 0
          [32m+[0m[0m ipv6_cidr_block = "::/0"
          [32m+[0m[0m protocol        = "-1"
          [32m+[0m[0m rule_no         = 101
          [32m+[0m[0m to_port         = 0
            [90m# (1 unchanged attribute hidden)[0m[0m
        }
      [32m+[0m[0m egress {
          [32m+[0m[0m action          = "allow"
          [32m+[0m[0m cidr_block      = "0.0.0.0/0"
          [32m+[0m[0m from_port       = 0
          [32m+[0m[0m protocol        = "-1"
          [32m+[0m[0m rule_no         = 100
          [32m+[0m[0m to_port         = 0
            [90m# (1 unchanged attribute hidden)[0m[0m
        }

      [32m+[0m[0m ingress {
          [32m+[0m[0m action          = "allow"
          [32m+[0m[0m from_port       = 0
          [32m+[0m[0m ipv6_cidr_block = "::/0"
          [32m+[0m[0m protocol        = "-1"
          [32m+[0m[0m rule_no         = 101
          [32m+[0m[0m to_port         = 0
            [90m# (1 unchanged attribute hidden)[0m[0m
        }
      [32m+[0m[0m ingress {
          [32m+[0m[0m action          = "allow"
          [32m+[0m[0m cidr_block      = "0.0.0.0/0"
          [32m+[0m[0m from_port       = 0
          [32m+[0m[0m protocol        = "-1"
          [32m+[0m[0m rule_no         = 100
          [32m+[0m[0m to_port         = 0
            [90m# (1 unchanged attribute hidden)[0m[0m
        }
    }

[1m  # module.vpc.module.vpc.aws_default_route_table.default[0][0m will be created
[0m  [32m+[0m[0m resource "aws_default_route_table" "default" {
      [32m+[0m[0m arn                    = (known after apply)
      [32m+[0m[0m default_route_table_id = (known after apply)
      [32m+[0m[0m id                     = (known after apply)
      [32m+[0m[0m owner_id               = (known after apply)
      [32m+[0m[0m route                  = (known after apply)
      [32m+[0m[0m tags                   = {
          [32m+[0m[0m "Environment" = "dev"
          [32m+[0m[0m "Name"        = "bamboocard-vpc-default"
        }
      [32m+[0m[0m tags_all               = {
          [32m+[0m[0m "Environment" = "dev"
          [32m+[0m[0m "Name"        = "bamboocard-vpc-default"
        }
      [32m+[0m[0m vpc_id                 = (known after apply)

      [32m+[0m[0m timeouts {
          [32m+[0m[0m create = "5m"
          [32m+[0m[0m update = "5m"
        }
    }

[1m  # module.vpc.module.vpc.aws_default_security_group.this[0][0m will be created
[0m  [32m+[0m[0m resource "aws_default_security_group" "this" {
      [32m+[0m[0m arn                    = (known after apply)
      [32m+[0m[0m description            = (known after apply)
      [32m+[0m[0m egress                 = (known after apply)
      [32m+[0m[0m id                     = (known after apply)
      [32m+[0m[0m ingress                = (known after apply)
      [32m+[0m[0m name                   = (known after apply)
      [32m+[0m[0m name_prefix            = (known after apply)
      [32m+[0m[0m owner_id               = (known after apply)
      [32m+[0m[0m revoke_rules_on_delete = false
      [32m+[0m[0m tags                   = {
          [32m+[0m[0m "Environment" = "dev"
          [32m+[0m[0m "Name"        = "bamboocard-vpc-default"
        }
      [32m+[0m[0m tags_all               = {
          [32m+[0m[0m "Environment" = "dev"
          [32m+[0m[0m "Name"        = "bamboocard-vpc-default"
        }
      [32m+[0m[0m vpc_id                 = (known after apply)
    }

[1m  # module.vpc.module.vpc.aws_eip.nat[0][0m will be created
[0m  [32m+[0m[0m resource "aws_eip" "nat" {
      [32m+[0m[0m allocation_id        = (known after apply)
      [32m+[0m[0m arn                  = (known after apply)
      [32m+[0m[0m association_id       = (known after apply)
      [32m+[0m[0m carrier_ip           = (known after apply)
      [32m+[0m[0m customer_owned_ip    = (known after apply)
      [32m+[0m[0m domain               = "vpc"
      [32m+[0m[0m id                   = (known after apply)
      [32m+[0m[0m instance             = (known after apply)
      [32m+[0m[0m ipam_pool_id         = (known after apply)
      [32m+[0m[0m network_border_group = (known after apply)
      [32m+[0m[0m network_interface    = (known after apply)
      [32m+[0m[0m private_dns          = (known after apply)
      [32m+[0m[0m private_ip           = (known after apply)
      [32m+[0m[0m ptr_record           = (known after apply)
      [32m+[0m[0m public_dns           = (known after apply)
      [32m+[0m[0m public_ip            = (known after apply)
      [32m+[0m[0m public_ipv4_pool     = (known after apply)
      [32m+[0m[0m tags                 = {
          [32m+[0m[0m "Environment" = "dev"
          [32m+[0m[0m "Name"        = "bamboocard-vpc-us-east-1a"
        }
      [32m+[0m[0m tags_all             = {
          [32m+[0m[0m "Environment" = "dev"
          [32m+[0m[0m "Name"        = "bamboocard-vpc-us-east-1a"
        }
      [32m+[0m[0m vpc                  = (known after apply)
    }

[1m  # module.vpc.module.vpc.aws_internet_gateway.this[0][0m will be created
[0m  [32m+[0m[0m resource "aws_internet_gateway" "this" {
      [32m+[0m[0m arn      = (known after apply)
      [32m+[0m[0m id       = (known after apply)
      [32m+[0m[0m owner_id = (known after apply)
      [32m+[0m[0m tags     = {
          [32m+[0m[0m "Environment" = "dev"
          [32m+[0m[0m "Name"        = "bamboocard-vpc"
        }
      [32m+[0m[0m tags_all = {
          [32m+[0m[0m "Environment" = "dev"
          [32m+[0m[0m "Name"        = "bamboocard-vpc"
        }
      [32m+[0m[0m vpc_id   = (known after apply)
    }

[1m  # module.vpc.module.vpc.aws_nat_gateway.this[0][0m will be created
[0m  [32m+[0m[0m resource "aws_nat_gateway" "this" {
      [32m+[0m[0m allocation_id                      = (known after apply)
      [32m+[0m[0m association_id                     = (known after apply)
      [32m+[0m[0m connectivity_type                  = "public"
      [32m+[0m[0m id                                 = (known after apply)
      [32m+[0m[0m network_interface_id               = (known after apply)
      [32m+[0m[0m private_ip                         = (known after apply)
      [32m+[0m[0m public_ip                          = (known after apply)
      [32m+[0m[0m secondary_private_ip_address_count = (known after apply)
      [32m+[0m[0m secondary_private_ip_addresses     = (known after apply)
      [32m+[0m[0m subnet_id                          = (known after apply)
      [32m+[0m[0m tags                               = {
          [32m+[0m[0m "Environment" = "dev"
          [32m+[0m[0m "Name"        = "bamboocard-vpc-us-east-1a"
        }
      [32m+[0m[0m tags_all                           = {
          [32m+[0m[0m "Environment" = "dev"
          [32m+[0m[0m "Name"        = "bamboocard-vpc-us-east-1a"
        }
    }

[1m  # module.vpc.module.vpc.aws_route.private_nat_gateway[0][0m will be created
[0m  [32m+[0m[0m resource "aws_route" "private_nat_gateway" {
      [32m+[0m[0m destination_cidr_block = "0.0.0.0/0"
      [32m+[0m[0m id                     = (known after apply)
      [32m+[0m[0m instance_id            = (known after apply)
      [32m+[0m[0m instance_owner_id      = (known after apply)
      [32m+[0m[0m nat_gateway_id         = (known after apply)
      [32m+[0m[0m network_interface_id   = (known after apply)
      [32m+[0m[0m origin                 = (known after apply)
      [32m+[0m[0m route_table_id         = (known after apply)
      [32m+[0m[0m state                  = (known after apply)

      [32m+[0m[0m timeouts {
          [32m+[0m[0m create = "5m"
        }
    }

[1m  # module.vpc.module.vpc.aws_route.public_internet_gateway[0][0m will be created
[0m  [32m+[0m[0m resource "aws_route" "public_internet_gateway" {
      [32m+[0m[0m destination_cidr_block = "0.0.0.0/0"
      [32m+[0m[0m gateway_id             = (known after apply)
      [32m+[0m[0m id                     = (known after apply)
      [32m+[0m[0m instance_id            = (known after apply)
      [32m+[0m[0m instance_owner_id      = (known after apply)
      [32m+[0m[0m network_interface_id   = (known after apply)
      [32m+[0m[0m origin                 = (known after apply)
      [32m+[0m[0m route_table_id         = (known after apply)
      [32m+[0m[0m state                  = (known after apply)

      [32m+[0m[0m timeouts {
          [32m+[0m[0m create = "5m"
        }
    }

[1m  # module.vpc.module.vpc.aws_route_table.private[0][0m will be created
[0m  [32m+[0m[0m resource "aws_route_table" "private" {
      [32m+[0m[0m arn              = (known after apply)
      [32m+[0m[0m id               = (known after apply)
      [32m+[0m[0m owner_id         = (known after apply)
      [32m+[0m[0m propagating_vgws = (known after apply)
      [32m+[0m[0m route            = (known after apply)
      [32m+[0m[0m tags             = {
          [32m+[0m[0m "Environment" = "dev"
          [32m+[0m[0m "Name"        = "bamboocard-vpc-private"
        }
      [32m+[0m[0m tags_all         = {
          [32m+[0m[0m "Environment" = "dev"
          [32m+[0m[0m "Name"        = "bamboocard-vpc-private"
        }
      [32m+[0m[0m vpc_id           = (known after apply)
    }

[1m  # module.vpc.module.vpc.aws_route_table.public[0][0m will be created
[0m  [32m+[0m[0m resource "aws_route_table" "public" {
      [32m+[0m[0m arn              = (known after apply)
      [32m+[0m[0m id               = (known after apply)
      [32m+[0m[0m owner_id         = (known after apply)
      [32m+[0m[0m propagating_vgws = (known after apply)
      [32m+[0m[0m route            = (known after apply)
      [32m+[0m[0m tags             = {
          [32m+[0m[0m "Environment" = "dev"
          [32m+[0m[0m "Name"        = "bamboocard-vpc-public"
        }
      [32m+[0m[0m tags_all         = {
          [32m+[0m[0m "Environment" = "dev"
          [32m+[0m[0m "Name"        = "bamboocard-vpc-public"
        }
      [32m+[0m[0m vpc_id           = (known after apply)
    }

[1m  # module.vpc.module.vpc.aws_route_table_association.private[0][0m will be created
[0m  [32m+[0m[0m resource "aws_route_table_association" "private" {
      [32m+[0m[0m id             = (known after apply)
      [32m+[0m[0m route_table_id = (known after apply)
      [32m+[0m[0m subnet_id      = (known after apply)
    }

[1m  # module.vpc.module.vpc.aws_route_table_association.private[1][0m will be created
[0m  [32m+[0m[0m resource "aws_route_table_association" "private" {
      [32m+[0m[0m id             = (known after apply)
      [32m+[0m[0m route_table_id = (known after apply)
      [32m+[0m[0m subnet_id      = (known after apply)
    }

[1m  # module.vpc.module.vpc.aws_route_table_association.public[0][0m will be created
[0m  [32m+[0m[0m resource "aws_route_table_association" "public" {
      [32m+[0m[0m id             = (known after apply)
      [32m+[0m[0m route_table_id = (known after apply)
      [32m+[0m[0m subnet_id      = (known after apply)
    }

[1m  # module.vpc.module.vpc.aws_route_table_association.public[1][0m will be created
[0m  [32m+[0m[0m resource "aws_route_table_association" "public" {
      [32m+[0m[0m id             = (known after apply)
      [32m+[0m[0m route_table_id = (known after apply)
      [32m+[0m[0m subnet_id      = (known after apply)
    }

[1m  # module.vpc.module.vpc.aws_subnet.private[0][0m will be created
[0m  [32m+[0m[0m resource "aws_subnet" "private" {
      [32m+[0m[0m arn                                            = (known after apply)
      [32m+[0m[0m assign_ipv6_address_on_creation                = false
      [32m+[0m[0m availability_zone                              = "us-east-1a"
      [32m+[0m[0m availability_zone_id                           = (known after apply)
      [32m+[0m[0m cidr_block                                     = "172.31.101.0/24"
      [32m+[0m[0m enable_dns64                                   = false
      [32m+[0m[0m enable_resource_name_dns_a_record_on_launch    = false
      [32m+[0m[0m enable_resource_name_dns_aaaa_record_on_launch = false
      [32m+[0m[0m id                                             = (known after apply)
      [32m+[0m[0m ipv6_cidr_block_association_id                 = (known after apply)
      [32m+[0m[0m ipv6_native                                    = false
      [32m+[0m[0m map_public_ip_on_launch                        = false
      [32m+[0m[0m owner_id                                       = (known after apply)
      [32m+[0m[0m private_dns_hostname_type_on_launch            = (known after apply)
      [32m+[0m[0m tags                                           = {
          [32m+[0m[0m "Environment" = "dev"
          [32m+[0m[0m "Name"        = "bamboocard-vpc-private-us-east-1a"
        }
      [32m+[0m[0m tags_all                                       = {
          [32m+[0m[0m "Environment" = "dev"
          [32m+[0m[0m "Name"        = "bamboocard-vpc-private-us-east-1a"
        }
      [32m+[0m[0m vpc_id                                         = (known after apply)
    }

[1m  # module.vpc.module.vpc.aws_subnet.private[1][0m will be created
[0m  [32m+[0m[0m resource "aws_subnet" "private" {
      [32m+[0m[0m arn                                            = (known after apply)
      [32m+[0m[0m assign_ipv6_address_on_creation                = false
      [32m+[0m[0m availability_zone                              = "us-east-1b"
      [32m+[0m[0m availability_zone_id                           = (known after apply)
      [32m+[0m[0m cidr_block                                     = "172.31.102.0/24"
      [32m+[0m[0m enable_dns64                                   = false
      [32m+[0m[0m enable_resource_name_dns_a_record_on_launch    = false
      [32m+[0m[0m enable_resource_name_dns_aaaa_record_on_launch = false
      [32m+[0m[0m id                                             = (known after apply)
      [32m+[0m[0m ipv6_cidr_block_association_id                 = (known after apply)
      [32m+[0m[0m ipv6_native                                    = false
      [32m+[0m[0m map_public_ip_on_launch                        = false
      [32m+[0m[0m owner_id                                       = (known after apply)
      [32m+[0m[0m private_dns_hostname_type_on_launch            = (known after apply)
      [32m+[0m[0m tags                                           = {
          [32m+[0m[0m "Environment" = "dev"
          [32m+[0m[0m "Name"        = "bamboocard-vpc-private-us-east-1b"
        }
      [32m+[0m[0m tags_all                                       = {
          [32m+[0m[0m "Environment" = "dev"
          [32m+[0m[0m "Name"        = "bamboocard-vpc-private-us-east-1b"
        }
      [32m+[0m[0m vpc_id                                         = (known after apply)
    }

[1m  # module.vpc.module.vpc.aws_subnet.public[0][0m will be created
[0m  [32m+[0m[0m resource "aws_subnet" "public" {
      [32m+[0m[0m arn                                            = (known after apply)
      [32m+[0m[0m assign_ipv6_address_on_creation                = false
      [32m+[0m[0m availability_zone                              = "us-east-1a"
      [32m+[0m[0m availability_zone_id                           = (known after apply)
      [32m+[0m[0m cidr_block                                     = "172.31.1.0/24"
      [32m+[0m[0m enable_dns64                                   = false
      [32m+[0m[0m enable_resource_name_dns_a_record_on_launch    = false
      [32m+[0m[0m enable_resource_name_dns_aaaa_record_on_launch = false
      [32m+[0m[0m id                                             = (known after apply)
      [32m+[0m[0m ipv6_cidr_block_association_id                 = (known after apply)
      [32m+[0m[0m ipv6_native                                    = false
      [32m+[0m[0m map_public_ip_on_launch                        = false
      [32m+[0m[0m owner_id                                       = (known after apply)
      [32m+[0m[0m private_dns_hostname_type_on_launch            = (known after apply)
      [32m+[0m[0m tags                                           = {
          [32m+[0m[0m "Environment" = "dev"
          [32m+[0m[0m "Name"        = "bamboocard-vpc-public-us-east-1a"
        }
      [32m+[0m[0m tags_all                                       = {
          [32m+[0m[0m "Environment" = "dev"
          [32m+[0m[0m "Name"        = "bamboocard-vpc-public-us-east-1a"
        }
      [32m+[0m[0m vpc_id                                         = (known after apply)
    }

[1m  # module.vpc.module.vpc.aws_subnet.public[1][0m will be created
[0m  [32m+[0m[0m resource "aws_subnet" "public" {
      [32m+[0m[0m arn                                            = (known after apply)
      [32m+[0m[0m assign_ipv6_address_on_creation                = false
      [32m+[0m[0m availability_zone                              = "us-east-1b"
      [32m+[0m[0m availability_zone_id                           = (known after apply)
      [32m+[0m[0m cidr_block                                     = "172.31.2.0/24"
      [32m+[0m[0m enable_dns64                                   = false
      [32m+[0m[0m enable_resource_name_dns_a_record_on_launch    = false
      [32m+[0m[0m enable_resource_name_dns_aaaa_record_on_launch = false
      [32m+[0m[0m id                                             = (known after apply)
      [32m+[0m[0m ipv6_cidr_block_association_id                 = (known after apply)
      [32m+[0m[0m ipv6_native                                    = false
      [32m+[0m[0m map_public_ip_on_launch                        = false
      [32m+[0m[0m owner_id                                       = (known after apply)
      [32m+[0m[0m private_dns_hostname_type_on_launch            = (known after apply)
      [32m+[0m[0m tags                                           = {
          [32m+[0m[0m "Environment" = "dev"
          [32m+[0m[0m "Name"        = "bamboocard-vpc-public-us-east-1b"
        }
      [32m+[0m[0m tags_all                                       = {
          [32m+[0m[0m "Environment" = "dev"
          [32m+[0m[0m "Name"        = "bamboocard-vpc-public-us-east-1b"
        }
      [32m+[0m[0m vpc_id                                         = (known after apply)
    }

[1m  # module.vpc.module.vpc.aws_vpc.this[0][0m will be created
[0m  [32m+[0m[0m resource "aws_vpc" "this" {
      [32m+[0m[0m arn                                  = (known after apply)
      [32m+[0m[0m cidr_block                           = "172.31.0.0/16"
      [32m+[0m[0m default_network_acl_id               = (known after apply)
      [32m+[0m[0m default_route_table_id               = (known after apply)
      [32m+[0m[0m default_security_group_id            = (known after apply)
      [32m+[0m[0m dhcp_options_id                      = (known after apply)
      [32m+[0m[0m enable_dns_hostnames                 = true
      [32m+[0m[0m enable_dns_support                   = true
      [32m+[0m[0m enable_network_address_usage_metrics = (known after apply)
      [32m+[0m[0m id                                   = (known after apply)
      [32m+[0m[0m instance_tenancy                     = "default"
      [32m+[0m[0m ipv6_association_id                  = (known after apply)
      [32m+[0m[0m ipv6_cidr_block                      = (known after apply)
      [32m+[0m[0m ipv6_cidr_block_network_border_group = (known after apply)
      [32m+[0m[0m main_route_table_id                  = (known after apply)
      [32m+[0m[0m owner_id                             = (known after apply)
      [32m+[0m[0m tags                                 = {
          [32m+[0m[0m "Environment" = "dev"
          [32m+[0m[0m "Name"        = "bamboocard-vpc"
        }
      [32m+[0m[0m tags_all                             = {
          [32m+[0m[0m "Environment" = "dev"
          [32m+[0m[0m "Name"        = "bamboocard-vpc"
        }
    }

[1m  # module.eks.module.eks.module.eks_managed_node_group["default"].aws_eks_node_group.this[0][0m will be created
[0m  [32m+[0m[0m resource "aws_eks_node_group" "this" {
      [32m+[0m[0m ami_type               = (known after apply)
      [32m+[0m[0m arn                    = (known after apply)
      [32m+[0m[0m capacity_type          = (known after apply)
      [32m+[0m[0m cluster_name           = "bamboocard-eks-dev"
      [32m+[0m[0m disk_size              = (known after apply)
      [32m+[0m[0m id                     = (known after apply)
      [32m+[0m[0m instance_types         = [
          [32m+[0m[0m "t3.medium",
        ]
      [32m+[0m[0m node_group_name        = (known after apply)
      [32m+[0m[0m node_group_name_prefix = "default-"
      [32m+[0m[0m node_role_arn          = (known after apply)
      [32m+[0m[0m release_version        = (known after apply)
      [32m+[0m[0m resources              = (known after apply)
      [32m+[0m[0m status                 = (known after apply)
      [32m+[0m[0m subnet_ids             = (known after apply)
      [32m+[0m[0m tags                   = {
          [32m+[0m[0m "Environment" = "dev"
          [32m+[0m[0m "Name"        = "default"
        }
      [32m+[0m[0m tags_all               = {
          [32m+[0m[0m "Environment" = "dev"
          [32m+[0m[0m "Name"        = "default"
        }
      [32m+[0m[0m version                = "1.29"

      [32m+[0m[0m launch_template {
          [32m+[0m[0m id      = (known after apply)
          [32m+[0m[0m name    = (known after apply)
          [32m+[0m[0m version = (known after apply)
        }

      [32m+[0m[0m node_repair_config (known after apply)

      [32m+[0m[0m scaling_config {
          [32m+[0m[0m desired_size = 1
          [32m+[0m[0m max_size     = 2
          [32m+[0m[0m min_size     = 1
        }

      [32m+[0m[0m timeouts {}

      [32m+[0m[0m update_config {
          [32m+[0m[0m max_unavailable_percentage = 33
        }
    }

[1m  # module.eks.module.eks.module.eks_managed_node_group["default"].aws_iam_role.this[0][0m will be created
[0m  [32m+[0m[0m resource "aws_iam_role" "this" {
      [32m+[0m[0m arn                   = (known after apply)
      [32m+[0m[0m assume_role_policy    = jsonencode(
            {
              [32m+[0m[0m Statement = [
                  [32m+[0m[0m {
                      [32m+[0m[0m Action    = "sts:AssumeRole"
                      [32m+[0m[0m Effect    = "Allow"
                      [32m+[0m[0m Principal = {
                          [32m+[0m[0m Service = "ec2.amazonaws.com"
                        }
                      [32m+[0m[0m Sid       = "EKSNodeAssumeRole"
                    },
                ]
              [32m+[0m[0m Version   = "2012-10-17"
            }
        )
      [32m+[0m[0m create_date           = (known after apply)
      [32m+[0m[0m description           = "EKS managed node group IAM role"
      [32m+[0m[0m force_detach_policies = true
      [32m+[0m[0m id                    = (known after apply)
      [32m+[0m[0m managed_policy_arns   = (known after apply)
      [32m+[0m[0m max_session_duration  = 3600
      [32m+[0m[0m name                  = (known after apply)
      [32m+[0m[0m name_prefix           = "default-eks-node-group-"
      [32m+[0m[0m path                  = "/"
      [32m+[0m[0m tags                  = {
          [32m+[0m[0m "Environment" = "dev"
        }
      [32m+[0m[0m tags_all              = {
          [32m+[0m[0m "Environment" = "dev"
        }
      [32m+[0m[0m unique_id             = (known after apply)

      [32m+[0m[0m inline_policy (known after apply)
    }

[1m  # module.eks.module.eks.module.eks_managed_node_group["default"].aws_iam_role_policy_attachment.this["AmazonEC2ContainerRegistryReadOnly"][0m will be created
[0m  [32m+[0m[0m resource "aws_iam_role_policy_attachment" "this" {
      [32m+[0m[0m id         = (known after apply)
      [32m+[0m[0m policy_arn = "arn:aws:iam::aws:policy/AmazonEC2ContainerRegistryReadOnly"
      [32m+[0m[0m role       = (known after apply)
    }

[1m  # module.eks.module.eks.module.eks_managed_node_group["default"].aws_iam_role_policy_attachment.this["AmazonEKSWorkerNodePolicy"][0m will be created
[0m  [32m+[0m[0m resource "aws_iam_role_policy_attachment" "this" {
      [32m+[0m[0m id         = (known after apply)
      [32m+[0m[0m policy_arn = "arn:aws:iam::aws:policy/AmazonEKSWorkerNodePolicy"
      [32m+[0m[0m role       = (known after apply)
    }

[1m  # module.eks.module.eks.module.eks_managed_node_group["default"].aws_iam_role_policy_attachment.this["AmazonEKS_CNI_Policy"][0m will be created
[0m  [32m+[0m[0m resource "aws_iam_role_policy_attachment" "this" {
      [32m+[0m[0m id         = (known after apply)
      [32m+[0m[0m policy_arn = "arn:aws:iam::aws:policy/AmazonEKS_CNI_Policy"
      [32m+[0m[0m role       = (known after apply)
    }

[1m  # module.eks.module.eks.module.eks_managed_node_group["default"].aws_launch_template.this[0][0m will be created
[0m  [32m+[0m[0m resource "aws_launch_template" "this" {
      [32m+[0m[0m arn                    = (known after apply)
      [32m+[0m[0m default_version        = (known after apply)
      [32m+[0m[0m description            = "Custom launch template for default EKS managed node group"
      [32m+[0m[0m id                     = (known after apply)
      [32m+[0m[0m latest_version         = (known after apply)
      [32m+[0m[0m name                   = (known after apply)
      [32m+[0m[0m name_prefix            = "default-"
      [32m+[0m[0m tags                   = {
          [32m+[0m[0m "Environment" = "dev"
        }
      [32m+[0m[0m tags_all               = {
          [32m+[0m[0m "Environment" = "dev"
        }
      [32m+[0m[0m update_default_version = true
      [32m+[0m[0m vpc_security_group_ids = (known after apply)
        [90m# (2 unchanged attributes hidden)[0m[0m

      [32m+[0m[0m metadata_options {
          [32m+[0m[0m http_endpoint               = "enabled"
          [32m+[0m[0m http_protocol_ipv6          = (known after apply)
          [32m+[0m[0m http_put_response_hop_limit = 2
          [32m+[0m[0m http_tokens                 = "required"
          [32m+[0m[0m instance_metadata_tags      = (known after apply)
        }

      [32m+[0m[0m monitoring {
          [32m+[0m[0m enabled = true
        }

      [32m+[0m[0m tag_specifications {
          [32m+[0m[0m resource_type = "instance"
          [32m+[0m[0m tags          = {
              [32m+[0m[0m "Environment" = "dev"
              [32m+[0m[0m "Name"        = "default"
            }
        }
      [32m+[0m[0m tag_specifications {
          [32m+[0m[0m resource_type = "network-interface"
          [32m+[0m[0m tags          = {
              [32m+[0m[0m "Environment" = "dev"
              [32m+[0m[0m "Name"        = "default"
            }
        }
      [32m+[0m[0m tag_specifications {
          [32m+[0m[0m resource_type = "volume"
          [32m+[0m[0m tags          = {
              [32m+[0m[0m "Environment" = "dev"
              [32m+[0m[0m "Name"        = "default"
            }
        }
    }

[1m  # module.eks.module.eks.module.kms.data.aws_iam_policy_document.this[0][0m will be read during apply
  # (config refers to values not yet known)
[0m [36m<=[0m[0m data "aws_iam_policy_document" "this" {
      [32m+[0m[0m id                        = (known after apply)
      [32m+[0m[0m json                      = (known after apply)
      [32m+[0m[0m minified_json             = (known after apply)
      [32m+[0m[0m override_policy_documents = []
      [32m+[0m[0m source_policy_documents   = []

      [32m+[0m[0m statement {
          [32m+[0m[0m actions   = [
              [32m+[0m[0m "kms:*",
            ]
          [32m+[0m[0m resources = [
              [32m+[0m[0m "*",
            ]
          [32m+[0m[0m sid       = "Default"

          [32m+[0m[0m principals {
              [32m+[0m[0m identifiers = [
                  [32m+[0m[0m "arn:aws:iam::921930869014:root",
                ]
              [32m+[0m[0m type        = "AWS"
            }
        }
      [32m+[0m[0m statement {
          [32m+[0m[0m actions   = [
              [32m+[0m[0m "kms:CancelKeyDeletion",
              [32m+[0m[0m "kms:Create*",
              [32m+[0m[0m "kms:Delete*",
              [32m+[0m[0m "kms:Describe*",
              [32m+[0m[0m "kms:Disable*",
              [32m+[0m[0m "kms:Enable*",
              [32m+[0m[0m "kms:Get*",
              [32m+[0m[0m "kms:ImportKeyMaterial",
              [32m+[0m[0m "kms:List*",
              [32m+[0m[0m "kms:Put*",
              [32m+[0m[0m "kms:ReplicateKey",
              [32m+[0m[0m "kms:Revoke*",
              [32m+[0m[0m "kms:ScheduleKeyDeletion",
              [32m+[0m[0m "kms:TagResource",
              [32m+[0m[0m "kms:UntagResource",
              [32m+[0m[0m "kms:Update*",
            ]
          [32m+[0m[0m resources = [
              [32m+[0m[0m "*",
            ]
          [32m+[0m[0m sid       = "KeyAdministration"

          [32m+[0m[0m principals {
              [32m+[0m[0m identifiers = [
                  [32m+[0m[0m "arn:aws:iam::921930869014:root",
                ]
              [32m+[0m[0m type        = "AWS"
            }
        }
      [32m+[0m[0m statement {
          [32m+[0m[0m actions   = [
              [32m+[0m[0m "kms:Decrypt",
              [32m+[0m[0m "kms:DescribeKey",
              [32m+[0m[0m "kms:Encrypt",
              [32m+[0m[0m "kms:GenerateDataKey*",
              [32m+[0m[0m "kms:ReEncrypt*",
            ]
          [32m+[0m[0m resources = [
              [32m+[0m[0m "*",
            ]
          [32m+[0m[0m sid       = "KeyUsage"

          [32m+[0m[0m principals {
              [32m+[0m[0m identifiers = [
                  [32m+[0m[0m (known after apply),
                ]
              [32m+[0m[0m type        = "AWS"
            }
        }
    }

[1m  # module.eks.module.eks.module.kms.aws_kms_alias.this["cluster"][0m will be created
[0m  [32m+[0m[0m resource "aws_kms_alias" "this" {
      [32m+[0m[0m arn            = (known after apply)
      [32m+[0m[0m id             = (known after apply)
      [32m+[0m[0m name           = "alias/eks/bamboocard-eks-dev"
      [32m+[0m[0m name_prefix    = (known after apply)
      [32m+[0m[0m target_key_arn = (known after apply)
      [32m+[0m[0m target_key_id  = (known after apply)
    }

[1m  # module.eks.module.eks.module.kms.aws_kms_key.this[0][0m will be created
[0m  [32m+[0m[0m resource "aws_kms_key" "this" {
      [32m+[0m[0m arn                                = (known after apply)
      [32m+[0m[0m bypass_policy_lockout_safety_check = false
      [32m+[0m[0m customer_master_key_spec           = "SYMMETRIC_DEFAULT"
      [32m+[0m[0m description                        = "bamboocard-eks-dev cluster encryption key"
      [32m+[0m[0m enable_key_rotation                = true
      [32m+[0m[0m id                                 = (known after apply)
      [32m+[0m[0m is_enabled                         = true
      [32m+[0m[0m key_id                             = (known after apply)
      [32m+[0m[0m key_usage                          = "ENCRYPT_DECRYPT"
      [32m+[0m[0m multi_region                       = false
      [32m+[0m[0m policy                             = (known after apply)
      [32m+[0m[0m rotation_period_in_days            = (known after apply)
      [32m+[0m[0m tags                               = {
          [32m+[0m[0m "Environment"           = "dev"
          [32m+[0m[0m "terraform-aws-modules" = "eks"
        }
      [32m+[0m[0m tags_all                           = {
          [32m+[0m[0m "Environment"           = "dev"
          [32m+[0m[0m "terraform-aws-modules" = "eks"
        }
    }

[1m  # module.eks.module.eks.module.eks_managed_node_group["default"].module.user_data.null_resource.validate_cluster_service_cidr[0m will be created
[0m  [32m+[0m[0m resource "null_resource" "validate_cluster_service_cidr" {
      [32m+[0m[0m id = (known after apply)
    }

[1mPlan:[0m 69 to add, 0 to change, 0 to destroy.
[0m
Changes to Outputs:
  [32m+[0m[0m apigateway_api_id  = (known after apply)
  [32m+[0m[0m ecr_repository_url = (known after apply)
  [32m+[0m[0m eks_cluster_name   = "bamboocard-eks-dev"
  [32m+[0m[0m private_subnets    = [
      [32m+[0m[0m (known after apply),
      [32m+[0m[0m (known after apply),
    ]
  [32m+[0m[0m vpc_id             = (known after apply)
[33m╷[0m[0m
[33m│[0m [0m[1m[33mWarning: [0m[0m[1mArgument is deprecated[0m
[33m│[0m [0m
[33m│[0m [0m[0m  with module.eks.module.eks.aws_iam_role.this[0],
[33m│[0m [0m  on .terraform/modules/eks.eks/main.tf line 387, in resource "aws_iam_role" "this":
[33m│[0m [0m 387: resource "aws_iam_role" "this" [4m{[0m[0m
[33m│[0m [0m
[33m│[0m [0minline_policy is deprecated. Use the aws_iam_role_policy resource instead. If Terraform should exclusively manage all inline
[33m│[0m [0mpolicy associations (the current behavior of this argument), use the aws_iam_role_policies_exclusive resource as well.
[33m╵[0m[0m
[90m
─────────────────────────────────────────────────────────────────────────────[0m

Note: You didn't use the -out option to save this plan, so Terraform can't
guarantee to take exactly these actions if you run "terraform apply" now.
